PODS:
  - AFNetworking (3.2.0):
    - AFNetworking/NSURLSession (= 3.2.0)
    - AFNetworking/Reachability (= 3.2.0)
    - AFNetworking/Security (= 3.2.0)
    - AFNetworking/Serialization (= 3.2.0)
    - AFNetworking/UIKit (= 3.2.0)
  - AFNetworking/NSURLSession (3.2.0):
    - AFNetworking/Reachability
    - AFNetworking/Security
    - AFNetworking/Serialization
  - AFNetworking/Reachability (3.2.0)
  - AFNetworking/Security (3.2.0)
  - AFNetworking/Serialization (3.2.0)
  - AFNetworking/UIKit (3.2.0):
    - AFNetworking/NSURLSession
  - FFAPIs (1.2):
    - AFNetworking

DEPENDENCIES:
  - FFAPIs (from `../`)

EXTERNAL SOURCES:
  FFAPIs:
    :path: ../

SPEC CHECKSUMS:
  AFNetworking: 8ac6017b94ea105479f7776e5288e48ae9c59bb4
  FFAPIs: cdfc37352b0ac04de9c77bc7545a2d13dbc25a05

PODFILE CHECKSUM: b6df6eaa15aeef9c75f05bde690f3c65474f0997

COCOAPODS: 1.4.0
